
Microsoft Visual Studio Solution File, Format Version 12.00
# Visual Studio 15
VisualStudioVersion = 15.0.26430.13
MinimumVisualStudioVersion = 10.0.40219.1
Project("{FAE04EC0-301F-11D3-BF4B-00C04F79EFBC}") = "ListViewW3.Android", "ListViewW3\ListViewW3.Android\ListViewW3.Android.csproj", "{DA5E4457-B3EF-4C0F-B8CC-95A91C856574}"
EndProject
Project("{FAE04EC0-301F-11D3-BF4B-00C04F79EFBC}") = "ListViewW3", "ListViewW3\ListViewW3\ListViewW3.csproj", "{B12B4D18-1BAF-4B34-8652-0B0B8DC9E8CF}"
EndProject
Project("{FAE04EC0-301F-11D3-BF4B-00C04F79EFBC}") = "ListViewW3.UWP", "ListViewW3\ListViewW3.UWP\ListViewW3.UWP.csproj", "{A43A80A6-26E7-43C5-A1DA-9FE93BFB20CF}"
EndProject
Project("{FAE04EC0-301F-11D3-BF4B-00C04F79EFBC}") = "ListViewW3.iOS", "ListViewW3\ListViewW3.iOS\ListViewW3.iOS.csproj", "{9DC5D5F9-C163-4FF5-9BBE-190F0153352D}"
EndProject
Global
	GlobalSection(SolutionConfigurationPlatforms) = preSolution
		Ad-Hoc|Any CPU = Ad-Hoc|Any CPU
		Ad-Hoc|ARM = Ad-Hoc|ARM
		Ad-Hoc|iPhone = Ad-Hoc|iPhone
		Ad-Hoc|iPhoneSimulator = Ad-Hoc|iPhoneSimulator
		Ad-Hoc|x64 = Ad-Hoc|x64
		Ad-Hoc|x86 = Ad-Hoc|x86
		AppStore|Any CPU = AppStore|Any CPU
		AppStore|ARM = AppStore|ARM
		AppStore|iPhone = AppStore|iPhone
		AppStore|iPhoneSimulator = AppStore|iPhoneSimulator
		AppStore|x64 = AppStore|x64
		AppStore|x86 = AppStore|x86
		Debug|Any CPU = Debug|Any CPU
		Debug|ARM = Debug|ARM
		Debug|iPhone = Debug|iPhone
		Debug|iPhoneSimulator = Debug|iPhoneSimulator
		Debug|x64 = Debug|x64
		Debug|x86 = Debug|x86
		Release|Any CPU = Release|Any CPU
		Release|ARM = Release|ARM
		Release|iPhone = Release|iPhone
		Release|iPhoneSimulator = Release|iPhoneSimulator
		Release|x64 = Release|x64
		Release|x86 = Release|x86
	EndGlobalSection
	GlobalSection(ProjectConfigurationPlatforms) = postSolution
		{DA5E4457-B3EF-4C0F-B8CC-95A91C856574}.Ad-Hoc|Any CPU.ActiveCfg = Release|Any CPU
		{DA5E4457-B3EF-4C0F-B8CC-95A91C856574}.Ad-Hoc|Any CPU.Build.0 = Release|Any CPU
		{DA5E4457-B3EF-4C0F-B8CC-95A91C856574}.Ad-Hoc|Any CPU.Deploy.0 = Release|Any CPU
		{DA5E4457-B3EF-4C0F-B8CC-95A91C856574}.Ad-Hoc|ARM.ActiveCfg = Release|Any CPU
		{DA5E4457-B3EF-4C0F-B8CC-95A91C856574}.Ad-Hoc|ARM.Build.0 = Release|Any CPU
		{DA5E4457-B3EF-4C0F-B8CC-95A91C856574}.Ad-Hoc|ARM.Deploy.0 = Release|Any CPU
		{DA5E4457-B3EF-4C0F-B8CC-95A91C856574}.Ad-Hoc|iPhone.ActiveCfg = Release|Any CPU
		{DA5E4457-B3EF-4C0F-B8CC-95A91C856574}.Ad-Hoc|iPhone.Build.0 = Release|Any CPU
		{DA5E4457-B3EF-4C0F-B8CC-95A91C856574}.Ad-Hoc|iPhone.Deploy.0 = Release|Any CPU
		{DA5E4457-B3EF-4C0F-B8CC-95A91C856574}.Ad-Hoc|iPhoneSimulator.ActiveCfg = Release|Any CPU
		{DA5E4457-B3EF-4C0F-B8CC-95A91C856574}.Ad-Hoc|iPhoneSimulator.Build.0 = Release|Any CPU
		{DA5E4457-B3EF-4C0F-B8CC-95A91C856574}.Ad-Hoc|iPhoneSimulator.Deploy.0 = Release|Any CPU
		{DA5E4457-B3EF-4C0F-B8CC-95A91C856574}.Ad-Hoc|x64.ActiveCfg = Release|Any CPU
		{DA5E4457-B3EF-4C0F-B8CC-95A91C856574}.Ad-Hoc|x64.Build.0 = Release|Any CPU
		{DA5E4457-B3EF-4C0F-B8CC-95A91C856574}.Ad-Hoc|x64.Deploy.0 = Release|Any CPU
		{DA5E4457-B3EF-4C0F-B8CC-95A91C856574}.Ad-Hoc|x86.ActiveCfg = Release|Any CPU
		{DA5E4457-B3EF-4C0F-B8CC-95A91C856574}.Ad-Hoc|x86.Build.0 = Release|Any CPU
		{DA5E4457-B3EF-4C0F-B8CC-95A91C856574}.Ad-Hoc|x86.Deploy.0 = Release|Any CPU
		{DA5E4457-B3EF-4C0F-B8CC-95A91C856574}.AppStore|Any CPU.ActiveCfg = Release|Any CPU
		{DA5E4457-B3EF-4C0F-B8CC-95A91C856574}.AppStore|Any CPU.Build.0 = Release|Any CPU
		{DA5E4457-B3EF-4C0F-B8CC-95A91C856574}.AppStore|Any CPU.Deploy.0 = Release|Any CPU
		{DA5E4457-B3EF-4C0F-B8CC-95A91C856574}.AppStore|ARM.ActiveCfg = Release|Any CPU
		{DA5E4457-B3EF-4C0F-B8CC-95A91C856574}.AppStore|ARM.Build.0 = Release|Any CPU
		{DA5E4457-B3EF-4C0F-B8CC-95A91C856574}.AppStore|ARM.Deploy.0 = Release|Any CPU
		{DA5E4457-B3EF-4C0F-B8CC-95A91C856574}.AppStore|iPhone.ActiveCfg = Release|Any CPU
		{DA5E4457-B3EF-4C0F-B8CC-95A91C856574}.AppStore|iPhone.Build.0 = Release|Any CPU
		{DA5E4457-B3EF-4C0F-B8CC-95A91C856574}.AppStore|iPhone.Deploy.0 = Release|Any CPU
		{DA5E4457-B3EF-4C0F-B8CC-95A91C856574}.AppStore|iPhoneSimulator.ActiveCfg = Release|Any CPU
		{DA5E4457-B3EF-4C0F-B8CC-95A91C856574}.AppStore|iPhoneSimulator.Build.0 = Release|Any CPU
		{DA5E4457-B3EF-4C0F-B8CC-95A91C856574}.AppStore|iPhoneSimulator.Deploy.0 = Release|Any CPU
		{DA5E4457-B3EF-4C0F-B8CC-95A91C856574}.AppStore|x64.ActiveCfg = Release|Any CPU
		{DA5E4457-B3EF-4C0F-B8CC-95A91C856574}.AppStore|x64.Build.0 = Release|Any CPU
		{DA5E4457-B3EF-4C0F-B8CC-95A91C856574}.AppStore|x64.Deploy.0 = Release|Any CPU
		{DA5E4457-B3EF-4C0F-B8CC-95A91C856574}.AppStore|x86.ActiveCfg = Release|Any CPU
		{DA5E4457-B3EF-4C0F-B8CC-95A91C856574}.AppStore|x86.Build.0 = Release|Any CPU
		{DA5E4457-B3EF-4C0F-B8CC-95A91C856574}.AppStore|x86.Deploy.0 = Release|Any CPU
		{DA5E4457-B3EF-4C0F-B8CC-95A91C856574}.Debug|Any CPU.ActiveCfg = Debug|Any CPU
		{DA5E4457-B3EF-4C0F-B8CC-95A91C856574}.Debug|Any CPU.Build.0 = Debug|Any CPU
		{DA5E4457-B3EF-4C0F-B8CC-95A91C856574}.Debug|Any CPU.Deploy.0 = Debug|Any CPU
		{DA5E4457-B3EF-4C0F-B8CC-95A91C856574}.Debug|ARM.ActiveCfg = Debug|Any CPU
		{DA5E4457-B3EF-4C0F-B8CC-95A91C856574}.Debug|ARM.Build.0 = Debug|Any CPU
		{DA5E4457-B3EF-4C0F-B8CC-95A91C856574}.Debug|ARM.Deploy.0 = Debug|Any CPU
		{DA5E4457-B3EF-4C0F-B8CC-95A91C856574}.Debug|iPhone.ActiveCfg = Debug|Any CPU
		{DA5E4457-B3EF-4C0F-B8CC-95A91C856574}.Debug|iPhone.Build.0 = Debug|Any CPU
		{DA5E4457-B3EF-4C0F-B8CC-95A91C856574}.Debug|iPhone.Deploy.0 = Debug|Any CPU
		{DA5E4457-B3EF-4C0F-B8CC-95A91C856574}.Debug|iPhoneSimulator.ActiveCfg = Debug|Any CPU
		{DA5E4457-B3EF-4C0F-B8CC-95A91C856574}.Debug|iPhoneSimulator.Build.0 = Debug|Any CPU
		{DA5E4457-B3EF-4C0F-B8CC-95A91C856574}.Debug|iPhoneSimulator.Deploy.0 = Debug|Any CPU
		{DA5E4457-B3EF-4C0F-B8CC-95A91C856574}.Debug|x64.ActiveCfg = Debug|Any CPU
		{DA5E4457-B3EF-4C0F-B8CC-95A91C856574}.Debug|x64.Build.0 = Debug|Any CPU
		{DA5E4457-B3EF-4C0F-B8CC-95A91C856574}.Debug|x64.Deploy.0 = Debug|Any CPU
		{DA5E4457-B3EF-4C0F-B8CC-95A91C856574}.Debug|x86.ActiveCfg = Debug|Any CPU
		{DA5E4457-B3EF-4C0F-B8CC-95A91C856574}.Debug|x86.Build.0 = Debug|Any CPU
		{DA5E4457-B3EF-4C0F-B8CC-95A91C856574}.Debug|x86.Deploy.0 = Debug|Any CPU
		{DA5E4457-B3EF-4C0F-B8CC-95A91C856574}.Release|Any CPU.ActiveCfg = Release|Any CPU
		{DA5E4457-B3EF-4C0F-B8CC-95A91C856574}.Release|Any CPU.Build.0 = Release|Any CPU
		{DA5E4457-B3EF-4C0F-B8CC-95A91C856574}.Release|Any CPU.Deploy.0 = Release|Any CPU
		{DA5E4457-B3EF-4C0F-B8CC-95A91C856574}.Release|ARM.ActiveCfg = Release|Any CPU
		{DA5E4457-B3EF-4C0F-B8CC-95A91C856574}.Release|ARM.Build.0 = Release|Any CPU
		{DA5E4457-B3EF-4C0F-B8CC-95A91C856574}.Release|ARM.Deploy.0 = Release|Any CPU
		{DA5E4457-B3EF-4C0F-B8CC-95A91C856574}.Release|iPhone.ActiveCfg = Release|Any CPU
		{DA5E4457-B3EF-4C0F-B8CC-95A91C856574}.Release|iPhone.Build.0 = Release|Any CPU
		{DA5E4457-B3EF-4C0F-B8CC-95A91C856574}.Release|iPhone.Deploy.0 = Release|Any CPU
		{DA5E4457-B3EF-4C0F-B8CC-95A91C856574}.Release|iPhoneSimulator.ActiveCfg = Release|Any CPU
		{DA5E4457-B3EF-4C0F-B8CC-95A91C856574}.Release|iPhoneSimulator.Build.0 = Release|Any CPU
		{DA5E4457-B3EF-4C0F-B8CC-95A91C856574}.Release|iPhoneSimulator.Deploy.0 = Release|Any CPU
		{DA5E4457-B3EF-4C0F-B8CC-95A91C856574}.Release|x64.ActiveCfg = Release|Any CPU
		{DA5E4457-B3EF-4C0F-B8CC-95A91C856574}.Release|x64.Build.0 = Release|Any CPU
		{DA5E4457-B3EF-4C0F-B8CC-95A91C856574}.Release|x64.Deploy.0 = Release|Any CPU
		{DA5E4457-B3EF-4C0F-B8CC-95A91C856574}.Release|x86.ActiveCfg = Release|Any CPU
		{DA5E4457-B3EF-4C0F-B8CC-95A91C856574}.Release|x86.Build.0 = Release|Any CPU
		{DA5E4457-B3EF-4C0F-B8CC-95A91C856574}.Release|x86.Deploy.0 = Release|Any CPU
		{B12B4D18-1BAF-4B34-8652-0B0B8DC9E8CF}.Ad-Hoc|Any CPU.ActiveCfg = Release|Any CPU
		{B12B4D18-1BAF-4B34-8652-0B0B8DC9E8CF}.Ad-Hoc|Any CPU.Build.0 = Release|Any CPU
		{B12B4D18-1BAF-4B34-8652-0B0B8DC9E8CF}.Ad-Hoc|ARM.ActiveCfg = Release|Any CPU
		{B12B4D18-1BAF-4B34-8652-0B0B8DC9E8CF}.Ad-Hoc|ARM.Build.0 = Release|Any CPU
		{B12B4D18-1BAF-4B34-8652-0B0B8DC9E8CF}.Ad-Hoc|iPhone.ActiveCfg = Release|Any CPU
		{B12B4D18-1BAF-4B34-8652-0B0B8DC9E8CF}.Ad-Hoc|iPhone.Build.0 = Release|Any CPU
		{B12B4D18-1BAF-4B34-8652-0B0B8DC9E8CF}.Ad-Hoc|iPhoneSimulator.ActiveCfg = Release|Any CPU
		{B12B4D18-1BAF-4B34-8652-0B0B8DC9E8CF}.Ad-Hoc|iPhoneSimulator.Build.0 = Release|Any CPU
		{B12B4D18-1BAF-4B34-8652-0B0B8DC9E8CF}.Ad-Hoc|x64.ActiveCfg = Release|Any CPU
		{B12B4D18-1BAF-4B34-8652-0B0B8DC9E8CF}.Ad-Hoc|x64.Build.0 = Release|Any CPU
		{B12B4D18-1BAF-4B34-8652-0B0B8DC9E8CF}.Ad-Hoc|x86.ActiveCfg = Release|Any CPU
		{B12B4D18-1BAF-4B34-8652-0B0B8DC9E8CF}.Ad-Hoc|x86.Build.0 = Release|Any CPU
		{B12B4D18-1BAF-4B34-8652-0B0B8DC9E8CF}.AppStore|Any CPU.ActiveCfg = Release|Any CPU
		{B12B4D18-1BAF-4B34-8652-0B0B8DC9E8CF}.AppStore|Any CPU.Build.0 = Release|Any CPU
		{B12B4D18-1BAF-4B34-8652-0B0B8DC9E8CF}.AppStore|ARM.ActiveCfg = Release|Any CPU
		{B12B4D18-1BAF-4B34-8652-0B0B8DC9E8CF}.AppStore|ARM.Build.0 = Release|Any CPU
		{B12B4D18-1BAF-4B34-8652-0B0B8DC9E8CF}.AppStore|iPhone.ActiveCfg = Release|Any CPU
		{B12B4D18-1BAF-4B34-8652-0B0B8DC9E8CF}.AppStore|iPhone.Build.0 = Release|Any CPU
		{B12B4D18-1BAF-4B34-8652-0B0B8DC9E8CF}.AppStore|iPhoneSimulator.ActiveCfg = Release|Any CPU
		{B12B4D18-1BAF-4B34-8652-0B0B8DC9E8CF}.AppStore|iPhoneSimulator.Build.0 = Release|Any CPU
		{B12B4D18-1BAF-4B34-8652-0B0B8DC9E8CF}.AppStore|x64.ActiveCfg = Release|Any CPU
		{B12B4D18-1BAF-4B34-8652-0B0B8DC9E8CF}.AppStore|x64.Build.0 = Release|Any CPU
		{B12B4D18-1BAF-4B34-8652-0B0B8DC9E8CF}.AppStore|x86.ActiveCfg = Release|Any CPU
		{B12B4D18-1BAF-4B34-8652-0B0B8DC9E8CF}.AppStore|x86.Build.0 = Release|Any CPU
		{B12B4D18-1BAF-4B34-8652-0B0B8DC9E8CF}.Debug|Any CPU.ActiveCfg = Debug|Any CPU
		{B12B4D18-1BAF-4B34-8652-0B0B8DC9E8CF}.Debug|Any CPU.Build.0 = Debug|Any CPU
		{B12B4D18-1BAF-4B34-8652-0B0B8DC9E8CF}.Debug|ARM.ActiveCfg = Debug|Any CPU
		{B12B4D18-1BAF-4B34-8652-0B0B8DC9E8CF}.Debug|ARM.Build.0 = Debug|Any CPU
		{B12B4D18-1BAF-4B34-8652-0B0B8DC9E8CF}.Debug|iPhone.ActiveCfg = Debug|Any CPU
		{B12B4D18-1BAF-4B34-8652-0B0B8DC9E8CF}.Debug|iPhone.Build.0 = Debug|Any CPU
		{B12B4D18-1BAF-4B34-8652-0B0B8DC9E8CF}.Debug|iPhoneSimulator.ActiveCfg = Debug|Any CPU
		{B12B4D18-1BAF-4B34-8652-0B0B8DC9E8CF}.Debug|iPhoneSimulator.Build.0 = Debug|Any CPU
		{B12B4D18-1BAF-4B34-8652-0B0B8DC9E8CF}.Debug|x64.ActiveCfg = Debug|Any CPU
		{B12B4D18-1BAF-4B34-8652-0B0B8DC9E8CF}.Debug|x64.Build.0 = Debug|Any CPU
		{B12B4D18-1BAF-4B34-8652-0B0B8DC9E8CF}.Debug|x86.ActiveCfg = Debug|Any CPU
		{B12B4D18-1BAF-4B34-8652-0B0B8DC9E8CF}.Debug|x86.Build.0 = Debug|Any CPU
		{B12B4D18-1BAF-4B34-8652-0B0B8DC9E8CF}.Release|Any CPU.ActiveCfg = Release|Any CPU
		{B12B4D18-1BAF-4B34-8652-0B0B8DC9E8CF}.Release|Any CPU.Build.0 = Release|Any CPU
		{B12B4D18-1BAF-4B34-8652-0B0B8DC9E8CF}.Release|ARM.ActiveCfg = Release|Any CPU
		{B12B4D18-1BAF-4B34-8652-0B0B8DC9E8CF}.Release|ARM.Build.0 = Release|Any CPU
		{B12B4D18-1BAF-4B34-8652-0B0B8DC9E8CF}.Release|iPhone.ActiveCfg = Release|Any CPU
		{B12B4D18-1BAF-4B34-8652-0B0B8DC9E8CF}.Release|iPhone.Build.0 = Release|Any CPU
		{B12B4D18-1BAF-4B34-8652-0B0B8DC9E8CF}.Release|iPhoneSimulator.ActiveCfg = Release|Any CPU
		{B12B4D18-1BAF-4B34-8652-0B0B8DC9E8CF}.Release|iPhoneSimulator.Build.0 = Release|Any CPU
		{B12B4D18-1BAF-4B34-8652-0B0B8DC9E8CF}.Release|x64.ActiveCfg = Release|Any CPU
		{B12B4D18-1BAF-4B34-8652-0B0B8DC9E8CF}.Release|x64.Build.0 = Release|Any CPU
		{B12B4D18-1BAF-4B34-8652-0B0B8DC9E8CF}.Release|x86.ActiveCfg = Release|Any CPU
		{B12B4D18-1BAF-4B34-8652-0B0B8DC9E8CF}.Release|x86.Build.0 = Release|Any CPU
		{A43A80A6-26E7-43C5-A1DA-9FE93BFB20CF}.Ad-Hoc|Any CPU.ActiveCfg = Release|x86
		{A43A80A6-26E7-43C5-A1DA-9FE93BFB20CF}.Ad-Hoc|Any CPU.Build.0 = Release|x86
		{A43A80A6-26E7-43C5-A1DA-9FE93BFB20CF}.Ad-Hoc|Any CPU.Deploy.0 = Release|x86
		{A43A80A6-26E7-43C5-A1DA-9FE93BFB20CF}.Ad-Hoc|ARM.ActiveCfg = Release|ARM
		{A43A80A6-26E7-43C5-A1DA-9FE93BFB20CF}.Ad-Hoc|ARM.Build.0 = Release|ARM
		{A43A80A6-26E7-43C5-A1DA-9FE93BFB20CF}.Ad-Hoc|ARM.Deploy.0 = Release|ARM
		{A43A80A6-26E7-43C5-A1DA-9FE93BFB20CF}.Ad-Hoc|iPhone.ActiveCfg = Release|x86
		{A43A80A6-26E7-43C5-A1DA-9FE93BFB20CF}.Ad-Hoc|iPhone.Build.0 = Release|x86
		{A43A80A6-26E7-43C5-A1DA-9FE93BFB20CF}.Ad-Hoc|iPhone.Deploy.0 = Release|x86
		{A43A80A6-26E7-43C5-A1DA-9FE93BFB20CF}.Ad-Hoc|iPhoneSimulator.ActiveCfg = Release|x86
		{A43A80A6-26E7-43C5-A1DA-9FE93BFB20CF}.Ad-Hoc|iPhoneSimulator.Build.0 = Release|x86
		{A43A80A6-26E7-43C5-A1DA-9FE93BFB20CF}.Ad-Hoc|iPhoneSimulator.Deploy.0 = Release|x86
		{A43A80A6-26E7-43C5-A1DA-9FE93BFB20CF}.Ad-Hoc|x64.ActiveCfg = Release|x64
		{A43A80A6-26E7-43C5-A1DA-9FE93BFB20CF}.Ad-Hoc|x64.Build.0 = Release|x64
		{A43A80A6-26E7-43C5-A1DA-9FE93BFB20CF}.Ad-Hoc|x64.Deploy.0 = Release|x64
		{A43A80A6-26E7-43C5-A1DA-9FE93BFB20CF}.Ad-Hoc|x86.ActiveCfg = Release|x86
		{A43A80A6-26E7-43C5-A1DA-9FE93BFB20CF}.Ad-Hoc|x86.Build.0 = Release|x86
		{A43A80A6-26E7-43C5-A1DA-9FE93BFB20CF}.Ad-Hoc|x86.Deploy.0 = Release|x86
		{A43A80A6-26E7-43C5-A1DA-9FE93BFB20CF}.AppStore|Any CPU.ActiveCfg = Release|x86
		{A43A80A6-26E7-43C5-A1DA-9FE93BFB20CF}.AppStore|Any CPU.Build.0 = Release|x86
		{A43A80A6-26E7-43C5-A1DA-9FE93BFB20CF}.AppStore|Any CPU.Deploy.0 = Release|x86
		{A43A80A6-26E7-43C5-A1DA-9FE93BFB20CF}.AppStore|ARM.ActiveCfg = Release|ARM
		{A43A80A6-26E7-43C5-A1DA-9FE93BFB20CF}.AppStore|ARM.Build.0 = Release|ARM
		{A43A80A6-26E7-43C5-A1DA-9FE93BFB20CF}.AppStore|ARM.Deploy.0 = Release|ARM
		{A43A80A6-26E7-43C5-A1DA-9FE93BFB20CF}.AppStore|iPhone.ActiveCfg = Release|x86
		{A43A80A6-26E7-43C5-A1DA-9FE93BFB20CF}.AppStore|iPhone.Build.0 = Release|x86
		{A43A80A6-26E7-43C5-A1DA-9FE93BFB20CF}.AppStore|iPhone.Deploy.0 = Release|x86
		{A43A80A6-26E7-43C5-A1DA-9FE93BFB20CF}.AppStore|iPhoneSimulator.ActiveCfg = Release|x86
		{A43A80A6-26E7-43C5-A1DA-9FE93BFB20CF}.AppStore|iPhoneSimulator.Build.0 = Release|x86
		{A43A80A6-26E7-43C5-A1DA-9FE93BFB20CF}.AppStore|iPhoneSimulator.Deploy.0 = Release|x86
		{A43A80A6-26E7-43C5-A1DA-9FE93BFB20CF}.AppStore|x64.ActiveCfg = Release|x64
		{A43A80A6-26E7-43C5-A1DA-9FE93BFB20CF}.AppStore|x64.Build.0 = Release|x64
		{A43A80A6-26E7-43C5-A1DA-9FE93BFB20CF}.AppStore|x64.Deploy.0 = Release|x64
		{A43A80A6-26E7-43C5-A1DA-9FE93BFB20CF}.AppStore|x86.ActiveCfg = Release|x86
		{A43A80A6-26E7-43C5-A1DA-9FE93BFB20CF}.AppStore|x86.Build.0 = Release|x86
		{A43A80A6-26E7-43C5-A1DA-9FE93BFB20CF}.AppStore|x86.Deploy.0 = Release|x86
		{A43A80A6-26E7-43C5-A1DA-9FE93BFB20CF}.Debug|Any CPU.ActiveCfg = Debug|x86
		{A43A80A6-26E7-43C5-A1DA-9FE93BFB20CF}.Debug|ARM.ActiveCfg = Debug|ARM
		{A43A80A6-26E7-43C5-A1DA-9FE93BFB20CF}.Debug|ARM.Build.0 = Debug|ARM
		{A43A80A6-26E7-43C5-A1DA-9FE93BFB20CF}.Debug|ARM.Deploy.0 = Debug|ARM
		{A43A80A6-26E7-43C5-A1DA-9FE93BFB20CF}.Debug|iPhone.ActiveCfg = Debug|x86
		{A43A80A6-26E7-43C5-A1DA-9FE93BFB20CF}.Debug|iPhoneSimulator.ActiveCfg = Debug|x86
		{A43A80A6-26E7-43C5-A1DA-9FE93BFB20CF}.Debug|x64.ActiveCfg = Debug|x64
		{A43A80A6-26E7-43C5-A1DA-9FE93BFB20CF}.Debug|x64.Build.0 = Debug|x64
		{A43A80A6-26E7-43C5-A1DA-9FE93BFB20CF}.Debug|x64.Deploy.0 = Debug|x64
		{A43A80A6-26E7-43C5-A1DA-9FE93BFB20CF}.Debug|x86.ActiveCfg = Debug|x86
		{A43A80A6-26E7-43C5-A1DA-9FE93BFB20CF}.Debug|x86.Build.0 = Debug|x86
		{A43A80A6-26E7-43C5-A1DA-9FE93BFB20CF}.Debug|x86.Deploy.0 = Debug|x86
		{A43A80A6-26E7-43C5-A1DA-9FE93BFB20CF}.Release|Any CPU.ActiveCfg = Release|x86
		{A43A80A6-26E7-43C5-A1DA-9FE93BFB20CF}.Release|ARM.ActiveCfg = Release|ARM
		{A43A80A6-26E7-43C5-A1DA-9FE93BFB20CF}.Release|ARM.Build.0 = Release|ARM
		{A43A80A6-26E7-43C5-A1DA-9FE93BFB20CF}.Release|ARM.Deploy.0 = Release|ARM
		{A43A80A6-26E7-43C5-A1DA-9FE93BFB20CF}.Release|iPhone.ActiveCfg = Release|x86
		{A43A80A6-26E7-43C5-A1DA-9FE93BFB20CF}.Release|iPhoneSimulator.ActiveCfg = Release|x86
		{A43A80A6-26E7-43C5-A1DA-9FE93BFB20CF}.Release|x64.ActiveCfg = Release|x64
		{A43A80A6-26E7-43C5-A1DA-9FE93BFB20CF}.Release|x64.Build.0 = Release|x64
		{A43A80A6-26E7-43C5-A1DA-9FE93BFB20CF}.Release|x64.Deploy.0 = Release|x64
		{A43A80A6-26E7-43C5-A1DA-9FE93BFB20CF}.Release|x86.ActiveCfg = Release|x86
		{A43A80A6-26E7-43C5-A1DA-9FE93BFB20CF}.Release|x86.Build.0 = Release|x86
		{A43A80A6-26E7-43C5-A1DA-9FE93BFB20CF}.Release|x86.Deploy.0 = Release|x86
		{9DC5D5F9-C163-4FF5-9BBE-190F0153352D}.Ad-Hoc|Any CPU.ActiveCfg = Ad-Hoc|iPhone
		{9DC5D5F9-C163-4FF5-9BBE-190F0153352D}.Ad-Hoc|ARM.ActiveCfg = Ad-Hoc|iPhone
		{9DC5D5F9-C163-4FF5-9BBE-190F0153352D}.Ad-Hoc|iPhone.ActiveCfg = Ad-Hoc|iPhone
		{9DC5D5F9-C163-4FF5-9BBE-190F0153352D}.Ad-Hoc|iPhone.Build.0 = Ad-Hoc|iPhone
		{9DC5D5F9-C163-4FF5-9BBE-190F0153352D}.Ad-Hoc|iPhoneSimulator.ActiveCfg = Ad-Hoc|iPhoneSimulator
		{9DC5D5F9-C163-4FF5-9BBE-190F0153352D}.Ad-Hoc|iPhoneSimulator.Build.0 = Ad-Hoc|iPhoneSimulator
		{9DC5D5F9-C163-4FF5-9BBE-190F0153352D}.Ad-Hoc|x64.ActiveCfg = Ad-Hoc|iPhone
		{9DC5D5F9-C163-4FF5-9BBE-190F0153352D}.Ad-Hoc|x86.ActiveCfg = Ad-Hoc|iPhone
		{9DC5D5F9-C163-4FF5-9BBE-190F0153352D}.AppStore|Any CPU.ActiveCfg = AppStore|iPhone
		{9DC5D5F9-C163-4FF5-9BBE-190F0153352D}.AppStore|ARM.ActiveCfg = AppStore|iPhone
		{9DC5D5F9-C163-4FF5-9BBE-190F0153352D}.AppStore|iPhone.ActiveCfg = AppStore|iPhone
		{9DC5D5F9-C163-4FF5-9BBE-190F0153352D}.AppStore|iPhone.Build.0 = AppStore|iPhone
		{9DC5D5F9-C163-4FF5-9BBE-190F0153352D}.AppStore|iPhoneSimulator.ActiveCfg = AppStore|iPhoneSimulator
		{9DC5D5F9-C163-4FF5-9BBE-190F0153352D}.AppStore|iPhoneSimulator.Build.0 = AppStore|iPhoneSimulator
		{9DC5D5F9-C163-4FF5-9BBE-190F0153352D}.AppStore|x64.ActiveCfg = AppStore|iPhone
		{9DC5D5F9-C163-4FF5-9BBE-190F0153352D}.AppStore|x86.ActiveCfg = AppStore|iPhone
		{9DC5D5F9-C163-4FF5-9BBE-190F0153352D}.Debug|Any CPU.ActiveCfg = Debug|iPhone
		{9DC5D5F9-C163-4FF5-9BBE-190F0153352D}.Debug|ARM.ActiveCfg = Debug|iPhone
		{9DC5D5F9-C163-4FF5-9BBE-190F0153352D}.Debug|iPhone.ActiveCfg = Debug|iPhone
		{9DC5D5F9-C163-4FF5-9BBE-190F0153352D}.Debug|iPhone.Build.0 = Debug|iPhone
		{9DC5D5F9-C163-4FF5-9BBE-190F0153352D}.Debug|iPhoneSimulator.ActiveCfg = Debug|iPhoneSimulator
		{9DC5D5F9-C163-4FF5-9BBE-190F0153352D}.Debug|iPhoneSimulator.Build.0 = Debug|iPhoneSimulator
		{9DC5D5F9-C163-4FF5-9BBE-190F0153352D}.Debug|x64.ActiveCfg = Debug|iPhone
		{9DC5D5F9-C163-4FF5-9BBE-190F0153352D}.Debug|x86.ActiveCfg = Debug|iPhone
		{9DC5D5F9-C163-4FF5-9BBE-190F0153352D}.Release|Any CPU.ActiveCfg = Release|iPhone
		{9DC5D5F9-C163-4FF5-9BBE-190F0153352D}.Release|ARM.ActiveCfg = Release|iPhone
		{9DC5D5F9-C163-4FF5-9BBE-190F0153352D}.Release|iPhone.ActiveCfg = Release|iPhone
		{9DC5D5F9-C163-4FF5-9BBE-190F0153352D}.Release|iPhone.Build.0 = Release|iPhone
		{9DC5D5F9-C163-4FF5-9BBE-190F0153352D}.Release|iPhoneSimulator.ActiveCfg = Release|iPhoneSimulator
		{9DC5D5F9-C163-4FF5-9BBE-190F0153352D}.Release|iPhoneSimulator.Build.0 = Release|iPhoneSimulator
		{9DC5D5F9-C163-4FF5-9BBE-190F0153352D}.Release|x64.ActiveCfg = Release|iPhone
		{9DC5D5F9-C163-4FF5-9BBE-190F0153352D}.Release|x86.ActiveCfg = Release|iPhone
	EndGlobalSection
	GlobalSection(SolutionProperties) = preSolution
		HideSolutionNode = FALSE
	EndGlobalSection
EndGlobal
