
Microsoft Visual Studio Solution File, Format Version 12.00
# Visual Studio 15
VisualStudioVersion = 15.0.26430.13
MinimumVisualStudioVersion = 10.0.40219.1
Project("{FAE04EC0-301F-11D3-BF4B-00C04F79EFBC}") = "RegisterLoginW2.Android", "RegisterLoginW2\RegisterLoginW2.Android\RegisterLoginW2.Android.csproj", "{1385BD69-55C5-4D0E-8D08-1635DB7F76DC}"
EndProject
Project("{FAE04EC0-301F-11D3-BF4B-00C04F79EFBC}") = "RegisterLoginW2", "RegisterLoginW2\RegisterLoginW2\RegisterLoginW2.csproj", "{3F23B0C1-1B7A-4E2F-84CB-A5B87C25FC1F}"
EndProject
Project("{FAE04EC0-301F-11D3-BF4B-00C04F79EFBC}") = "RegisterLoginW2.UWP", "RegisterLoginW2\RegisterLoginW2.UWP\RegisterLoginW2.UWP.csproj", "{FCDD3585-FB0E-401A-8FE5-0E4B29D8A59E}"
EndProject
Project("{FAE04EC0-301F-11D3-BF4B-00C04F79EFBC}") = "RegisterLoginW2.iOS", "RegisterLoginW2\RegisterLoginW2.iOS\RegisterLoginW2.iOS.csproj", "{96F76810-8BB9-4143-939F-1F70C9FE84A5}"
EndProject
Global
	GlobalSection(SolutionConfigurationPlatforms) = preSolution
		Ad-Hoc|Any CPU = Ad-Hoc|Any CPU
		Ad-Hoc|ARM = Ad-Hoc|ARM
		Ad-Hoc|iPhone = Ad-Hoc|iPhone
		Ad-Hoc|iPhoneSimulator = Ad-Hoc|iPhoneSimulator
		Ad-Hoc|x64 = Ad-Hoc|x64
		Ad-Hoc|x86 = Ad-Hoc|x86
		AppStore|Any CPU = AppStore|Any CPU
		AppStore|ARM = AppStore|ARM
		AppStore|iPhone = AppStore|iPhone
		AppStore|iPhoneSimulator = AppStore|iPhoneSimulator
		AppStore|x64 = AppStore|x64
		AppStore|x86 = AppStore|x86
		Debug|Any CPU = Debug|Any CPU
		Debug|ARM = Debug|ARM
		Debug|iPhone = Debug|iPhone
		Debug|iPhoneSimulator = Debug|iPhoneSimulator
		Debug|x64 = Debug|x64
		Debug|x86 = Debug|x86
		Release|Any CPU = Release|Any CPU
		Release|ARM = Release|ARM
		Release|iPhone = Release|iPhone
		Release|iPhoneSimulator = Release|iPhoneSimulator
		Release|x64 = Release|x64
		Release|x86 = Release|x86
	EndGlobalSection
	GlobalSection(ProjectConfigurationPlatforms) = postSolution
		{1385BD69-55C5-4D0E-8D08-1635DB7F76DC}.Ad-Hoc|Any CPU.ActiveCfg = Release|Any CPU
		{1385BD69-55C5-4D0E-8D08-1635DB7F76DC}.Ad-Hoc|Any CPU.Build.0 = Release|Any CPU
		{1385BD69-55C5-4D0E-8D08-1635DB7F76DC}.Ad-Hoc|Any CPU.Deploy.0 = Release|Any CPU
		{1385BD69-55C5-4D0E-8D08-1635DB7F76DC}.Ad-Hoc|ARM.ActiveCfg = Release|Any CPU
		{1385BD69-55C5-4D0E-8D08-1635DB7F76DC}.Ad-Hoc|ARM.Build.0 = Release|Any CPU
		{1385BD69-55C5-4D0E-8D08-1635DB7F76DC}.Ad-Hoc|ARM.Deploy.0 = Release|Any CPU
		{1385BD69-55C5-4D0E-8D08-1635DB7F76DC}.Ad-Hoc|iPhone.ActiveCfg = Release|Any CPU
		{1385BD69-55C5-4D0E-8D08-1635DB7F76DC}.Ad-Hoc|iPhone.Build.0 = Release|Any CPU
		{1385BD69-55C5-4D0E-8D08-1635DB7F76DC}.Ad-Hoc|iPhone.Deploy.0 = Release|Any CPU
		{1385BD69-55C5-4D0E-8D08-1635DB7F76DC}.Ad-Hoc|iPhoneSimulator.ActiveCfg = Release|Any CPU
		{1385BD69-55C5-4D0E-8D08-1635DB7F76DC}.Ad-Hoc|iPhoneSimulator.Build.0 = Release|Any CPU
		{1385BD69-55C5-4D0E-8D08-1635DB7F76DC}.Ad-Hoc|iPhoneSimulator.Deploy.0 = Release|Any CPU
		{1385BD69-55C5-4D0E-8D08-1635DB7F76DC}.Ad-Hoc|x64.ActiveCfg = Release|Any CPU
		{1385BD69-55C5-4D0E-8D08-1635DB7F76DC}.Ad-Hoc|x64.Build.0 = Release|Any CPU
		{1385BD69-55C5-4D0E-8D08-1635DB7F76DC}.Ad-Hoc|x64.Deploy.0 = Release|Any CPU
		{1385BD69-55C5-4D0E-8D08-1635DB7F76DC}.Ad-Hoc|x86.ActiveCfg = Release|Any CPU
		{1385BD69-55C5-4D0E-8D08-1635DB7F76DC}.Ad-Hoc|x86.Build.0 = Release|Any CPU
		{1385BD69-55C5-4D0E-8D08-1635DB7F76DC}.Ad-Hoc|x86.Deploy.0 = Release|Any CPU
		{1385BD69-55C5-4D0E-8D08-1635DB7F76DC}.AppStore|Any CPU.ActiveCfg = Release|Any CPU
		{1385BD69-55C5-4D0E-8D08-1635DB7F76DC}.AppStore|Any CPU.Build.0 = Release|Any CPU
		{1385BD69-55C5-4D0E-8D08-1635DB7F76DC}.AppStore|Any CPU.Deploy.0 = Release|Any CPU
		{1385BD69-55C5-4D0E-8D08-1635DB7F76DC}.AppStore|ARM.ActiveCfg = Release|Any CPU
		{1385BD69-55C5-4D0E-8D08-1635DB7F76DC}.AppStore|ARM.Build.0 = Release|Any CPU
		{1385BD69-55C5-4D0E-8D08-1635DB7F76DC}.AppStore|ARM.Deploy.0 = Release|Any CPU
		{1385BD69-55C5-4D0E-8D08-1635DB7F76DC}.AppStore|iPhone.ActiveCfg = Release|Any CPU
		{1385BD69-55C5-4D0E-8D08-1635DB7F76DC}.AppStore|iPhone.Build.0 = Release|Any CPU
		{1385BD69-55C5-4D0E-8D08-1635DB7F76DC}.AppStore|iPhone.Deploy.0 = Release|Any CPU
		{1385BD69-55C5-4D0E-8D08-1635DB7F76DC}.AppStore|iPhoneSimulator.ActiveCfg = Release|Any CPU
		{1385BD69-55C5-4D0E-8D08-1635DB7F76DC}.AppStore|iPhoneSimulator.Build.0 = Release|Any CPU
		{1385BD69-55C5-4D0E-8D08-1635DB7F76DC}.AppStore|iPhoneSimulator.Deploy.0 = Release|Any CPU
		{1385BD69-55C5-4D0E-8D08-1635DB7F76DC}.AppStore|x64.ActiveCfg = Release|Any CPU
		{1385BD69-55C5-4D0E-8D08-1635DB7F76DC}.AppStore|x64.Build.0 = Release|Any CPU
		{1385BD69-55C5-4D0E-8D08-1635DB7F76DC}.AppStore|x64.Deploy.0 = Release|Any CPU
		{1385BD69-55C5-4D0E-8D08-1635DB7F76DC}.AppStore|x86.ActiveCfg = Release|Any CPU
		{1385BD69-55C5-4D0E-8D08-1635DB7F76DC}.AppStore|x86.Build.0 = Release|Any CPU
		{1385BD69-55C5-4D0E-8D08-1635DB7F76DC}.AppStore|x86.Deploy.0 = Release|Any CPU
		{1385BD69-55C5-4D0E-8D08-1635DB7F76DC}.Debug|Any CPU.ActiveCfg = Debug|Any CPU
		{1385BD69-55C5-4D0E-8D08-1635DB7F76DC}.Debug|Any CPU.Build.0 = Debug|Any CPU
		{1385BD69-55C5-4D0E-8D08-1635DB7F76DC}.Debug|Any CPU.Deploy.0 = Debug|Any CPU
		{1385BD69-55C5-4D0E-8D08-1635DB7F76DC}.Debug|ARM.ActiveCfg = Debug|Any CPU
		{1385BD69-55C5-4D0E-8D08-1635DB7F76DC}.Debug|ARM.Build.0 = Debug|Any CPU
		{1385BD69-55C5-4D0E-8D08-1635DB7F76DC}.Debug|ARM.Deploy.0 = Debug|Any CPU
		{1385BD69-55C5-4D0E-8D08-1635DB7F76DC}.Debug|iPhone.ActiveCfg = Debug|Any CPU
		{1385BD69-55C5-4D0E-8D08-1635DB7F76DC}.Debug|iPhone.Build.0 = Debug|Any CPU
		{1385BD69-55C5-4D0E-8D08-1635DB7F76DC}.Debug|iPhone.Deploy.0 = Debug|Any CPU
		{1385BD69-55C5-4D0E-8D08-1635DB7F76DC}.Debug|iPhoneSimulator.ActiveCfg = Debug|Any CPU
		{1385BD69-55C5-4D0E-8D08-1635DB7F76DC}.Debug|iPhoneSimulator.Build.0 = Debug|Any CPU
		{1385BD69-55C5-4D0E-8D08-1635DB7F76DC}.Debug|iPhoneSimulator.Deploy.0 = Debug|Any CPU
		{1385BD69-55C5-4D0E-8D08-1635DB7F76DC}.Debug|x64.ActiveCfg = Debug|Any CPU
		{1385BD69-55C5-4D0E-8D08-1635DB7F76DC}.Debug|x64.Build.0 = Debug|Any CPU
		{1385BD69-55C5-4D0E-8D08-1635DB7F76DC}.Debug|x64.Deploy.0 = Debug|Any CPU
		{1385BD69-55C5-4D0E-8D08-1635DB7F76DC}.Debug|x86.ActiveCfg = Debug|Any CPU
		{1385BD69-55C5-4D0E-8D08-1635DB7F76DC}.Debug|x86.Build.0 = Debug|Any CPU
		{1385BD69-55C5-4D0E-8D08-1635DB7F76DC}.Debug|x86.Deploy.0 = Debug|Any CPU
		{1385BD69-55C5-4D0E-8D08-1635DB7F76DC}.Release|Any CPU.ActiveCfg = Release|Any CPU
		{1385BD69-55C5-4D0E-8D08-1635DB7F76DC}.Release|Any CPU.Build.0 = Release|Any CPU
		{1385BD69-55C5-4D0E-8D08-1635DB7F76DC}.Release|Any CPU.Deploy.0 = Release|Any CPU
		{1385BD69-55C5-4D0E-8D08-1635DB7F76DC}.Release|ARM.ActiveCfg = Release|Any CPU
		{1385BD69-55C5-4D0E-8D08-1635DB7F76DC}.Release|ARM.Build.0 = Release|Any CPU
		{1385BD69-55C5-4D0E-8D08-1635DB7F76DC}.Release|ARM.Deploy.0 = Release|Any CPU
		{1385BD69-55C5-4D0E-8D08-1635DB7F76DC}.Release|iPhone.ActiveCfg = Release|Any CPU
		{1385BD69-55C5-4D0E-8D08-1635DB7F76DC}.Release|iPhone.Build.0 = Release|Any CPU
		{1385BD69-55C5-4D0E-8D08-1635DB7F76DC}.Release|iPhone.Deploy.0 = Release|Any CPU
		{1385BD69-55C5-4D0E-8D08-1635DB7F76DC}.Release|iPhoneSimulator.ActiveCfg = Release|Any CPU
		{1385BD69-55C5-4D0E-8D08-1635DB7F76DC}.Release|iPhoneSimulator.Build.0 = Release|Any CPU
		{1385BD69-55C5-4D0E-8D08-1635DB7F76DC}.Release|iPhoneSimulator.Deploy.0 = Release|Any CPU
		{1385BD69-55C5-4D0E-8D08-1635DB7F76DC}.Release|x64.ActiveCfg = Release|Any CPU
		{1385BD69-55C5-4D0E-8D08-1635DB7F76DC}.Release|x64.Build.0 = Release|Any CPU
		{1385BD69-55C5-4D0E-8D08-1635DB7F76DC}.Release|x64.Deploy.0 = Release|Any CPU
		{1385BD69-55C5-4D0E-8D08-1635DB7F76DC}.Release|x86.ActiveCfg = Release|Any CPU
		{1385BD69-55C5-4D0E-8D08-1635DB7F76DC}.Release|x86.Build.0 = Release|Any CPU
		{1385BD69-55C5-4D0E-8D08-1635DB7F76DC}.Release|x86.Deploy.0 = Release|Any CPU
		{3F23B0C1-1B7A-4E2F-84CB-A5B87C25FC1F}.Ad-Hoc|Any CPU.ActiveCfg = Release|Any CPU
		{3F23B0C1-1B7A-4E2F-84CB-A5B87C25FC1F}.Ad-Hoc|Any CPU.Build.0 = Release|Any CPU
		{3F23B0C1-1B7A-4E2F-84CB-A5B87C25FC1F}.Ad-Hoc|ARM.ActiveCfg = Release|Any CPU
		{3F23B0C1-1B7A-4E2F-84CB-A5B87C25FC1F}.Ad-Hoc|ARM.Build.0 = Release|Any CPU
		{3F23B0C1-1B7A-4E2F-84CB-A5B87C25FC1F}.Ad-Hoc|iPhone.ActiveCfg = Release|Any CPU
		{3F23B0C1-1B7A-4E2F-84CB-A5B87C25FC1F}.Ad-Hoc|iPhone.Build.0 = Release|Any CPU
		{3F23B0C1-1B7A-4E2F-84CB-A5B87C25FC1F}.Ad-Hoc|iPhoneSimulator.ActiveCfg = Release|Any CPU
		{3F23B0C1-1B7A-4E2F-84CB-A5B87C25FC1F}.Ad-Hoc|iPhoneSimulator.Build.0 = Release|Any CPU
		{3F23B0C1-1B7A-4E2F-84CB-A5B87C25FC1F}.Ad-Hoc|x64.ActiveCfg = Release|Any CPU
		{3F23B0C1-1B7A-4E2F-84CB-A5B87C25FC1F}.Ad-Hoc|x64.Build.0 = Release|Any CPU
		{3F23B0C1-1B7A-4E2F-84CB-A5B87C25FC1F}.Ad-Hoc|x86.ActiveCfg = Release|Any CPU
		{3F23B0C1-1B7A-4E2F-84CB-A5B87C25FC1F}.Ad-Hoc|x86.Build.0 = Release|Any CPU
		{3F23B0C1-1B7A-4E2F-84CB-A5B87C25FC1F}.AppStore|Any CPU.ActiveCfg = Release|Any CPU
		{3F23B0C1-1B7A-4E2F-84CB-A5B87C25FC1F}.AppStore|Any CPU.Build.0 = Release|Any CPU
		{3F23B0C1-1B7A-4E2F-84CB-A5B87C25FC1F}.AppStore|ARM.ActiveCfg = Release|Any CPU
		{3F23B0C1-1B7A-4E2F-84CB-A5B87C25FC1F}.AppStore|ARM.Build.0 = Release|Any CPU
		{3F23B0C1-1B7A-4E2F-84CB-A5B87C25FC1F}.AppStore|iPhone.ActiveCfg = Release|Any CPU
		{3F23B0C1-1B7A-4E2F-84CB-A5B87C25FC1F}.AppStore|iPhone.Build.0 = Release|Any CPU
		{3F23B0C1-1B7A-4E2F-84CB-A5B87C25FC1F}.AppStore|iPhoneSimulator.ActiveCfg = Release|Any CPU
		{3F23B0C1-1B7A-4E2F-84CB-A5B87C25FC1F}.AppStore|iPhoneSimulator.Build.0 = Release|Any CPU
		{3F23B0C1-1B7A-4E2F-84CB-A5B87C25FC1F}.AppStore|x64.ActiveCfg = Release|Any CPU
		{3F23B0C1-1B7A-4E2F-84CB-A5B87C25FC1F}.AppStore|x64.Build.0 = Release|Any CPU
		{3F23B0C1-1B7A-4E2F-84CB-A5B87C25FC1F}.AppStore|x86.ActiveCfg = Release|Any CPU
		{3F23B0C1-1B7A-4E2F-84CB-A5B87C25FC1F}.AppStore|x86.Build.0 = Release|Any CPU
		{3F23B0C1-1B7A-4E2F-84CB-A5B87C25FC1F}.Debug|Any CPU.ActiveCfg = Debug|Any CPU
		{3F23B0C1-1B7A-4E2F-84CB-A5B87C25FC1F}.Debug|Any CPU.Build.0 = Debug|Any CPU
		{3F23B0C1-1B7A-4E2F-84CB-A5B87C25FC1F}.Debug|ARM.ActiveCfg = Debug|Any CPU
		{3F23B0C1-1B7A-4E2F-84CB-A5B87C25FC1F}.Debug|ARM.Build.0 = Debug|Any CPU
		{3F23B0C1-1B7A-4E2F-84CB-A5B87C25FC1F}.Debug|iPhone.ActiveCfg = Debug|Any CPU
		{3F23B0C1-1B7A-4E2F-84CB-A5B87C25FC1F}.Debug|iPhone.Build.0 = Debug|Any CPU
		{3F23B0C1-1B7A-4E2F-84CB-A5B87C25FC1F}.Debug|iPhoneSimulator.ActiveCfg = Debug|Any CPU
		{3F23B0C1-1B7A-4E2F-84CB-A5B87C25FC1F}.Debug|iPhoneSimulator.Build.0 = Debug|Any CPU
		{3F23B0C1-1B7A-4E2F-84CB-A5B87C25FC1F}.Debug|x64.ActiveCfg = Debug|Any CPU
		{3F23B0C1-1B7A-4E2F-84CB-A5B87C25FC1F}.Debug|x64.Build.0 = Debug|Any CPU
		{3F23B0C1-1B7A-4E2F-84CB-A5B87C25FC1F}.Debug|x86.ActiveCfg = Debug|Any CPU
		{3F23B0C1-1B7A-4E2F-84CB-A5B87C25FC1F}.Debug|x86.Build.0 = Debug|Any CPU
		{3F23B0C1-1B7A-4E2F-84CB-A5B87C25FC1F}.Release|Any CPU.ActiveCfg = Release|Any CPU
		{3F23B0C1-1B7A-4E2F-84CB-A5B87C25FC1F}.Release|Any CPU.Build.0 = Release|Any CPU
		{3F23B0C1-1B7A-4E2F-84CB-A5B87C25FC1F}.Release|ARM.ActiveCfg = Release|Any CPU
		{3F23B0C1-1B7A-4E2F-84CB-A5B87C25FC1F}.Release|ARM.Build.0 = Release|Any CPU
		{3F23B0C1-1B7A-4E2F-84CB-A5B87C25FC1F}.Release|iPhone.ActiveCfg = Release|Any CPU
		{3F23B0C1-1B7A-4E2F-84CB-A5B87C25FC1F}.Release|iPhone.Build.0 = Release|Any CPU
		{3F23B0C1-1B7A-4E2F-84CB-A5B87C25FC1F}.Release|iPhoneSimulator.ActiveCfg = Release|Any CPU
		{3F23B0C1-1B7A-4E2F-84CB-A5B87C25FC1F}.Release|iPhoneSimulator.Build.0 = Release|Any CPU
		{3F23B0C1-1B7A-4E2F-84CB-A5B87C25FC1F}.Release|x64.ActiveCfg = Release|Any CPU
		{3F23B0C1-1B7A-4E2F-84CB-A5B87C25FC1F}.Release|x64.Build.0 = Release|Any CPU
		{3F23B0C1-1B7A-4E2F-84CB-A5B87C25FC1F}.Release|x86.ActiveCfg = Release|Any CPU
		{3F23B0C1-1B7A-4E2F-84CB-A5B87C25FC1F}.Release|x86.Build.0 = Release|Any CPU
		{FCDD3585-FB0E-401A-8FE5-0E4B29D8A59E}.Ad-Hoc|Any CPU.ActiveCfg = Release|x86
		{FCDD3585-FB0E-401A-8FE5-0E4B29D8A59E}.Ad-Hoc|Any CPU.Build.0 = Release|x86
		{FCDD3585-FB0E-401A-8FE5-0E4B29D8A59E}.Ad-Hoc|Any CPU.Deploy.0 = Release|x86
		{FCDD3585-FB0E-401A-8FE5-0E4B29D8A59E}.Ad-Hoc|ARM.ActiveCfg = Release|ARM
		{FCDD3585-FB0E-401A-8FE5-0E4B29D8A59E}.Ad-Hoc|ARM.Build.0 = Release|ARM
		{FCDD3585-FB0E-401A-8FE5-0E4B29D8A59E}.Ad-Hoc|ARM.Deploy.0 = Release|ARM
		{FCDD3585-FB0E-401A-8FE5-0E4B29D8A59E}.Ad-Hoc|iPhone.ActiveCfg = Release|x86
		{FCDD3585-FB0E-401A-8FE5-0E4B29D8A59E}.Ad-Hoc|iPhone.Build.0 = Release|x86
		{FCDD3585-FB0E-401A-8FE5-0E4B29D8A59E}.Ad-Hoc|iPhone.Deploy.0 = Release|x86
		{FCDD3585-FB0E-401A-8FE5-0E4B29D8A59E}.Ad-Hoc|iPhoneSimulator.ActiveCfg = Release|x86
		{FCDD3585-FB0E-401A-8FE5-0E4B29D8A59E}.Ad-Hoc|iPhoneSimulator.Build.0 = Release|x86
		{FCDD3585-FB0E-401A-8FE5-0E4B29D8A59E}.Ad-Hoc|iPhoneSimulator.Deploy.0 = Release|x86
		{FCDD3585-FB0E-401A-8FE5-0E4B29D8A59E}.Ad-Hoc|x64.ActiveCfg = Release|x64
		{FCDD3585-FB0E-401A-8FE5-0E4B29D8A59E}.Ad-Hoc|x64.Build.0 = Release|x64
		{FCDD3585-FB0E-401A-8FE5-0E4B29D8A59E}.Ad-Hoc|x64.Deploy.0 = Release|x64
		{FCDD3585-FB0E-401A-8FE5-0E4B29D8A59E}.Ad-Hoc|x86.ActiveCfg = Release|x86
		{FCDD3585-FB0E-401A-8FE5-0E4B29D8A59E}.Ad-Hoc|x86.Build.0 = Release|x86
		{FCDD3585-FB0E-401A-8FE5-0E4B29D8A59E}.Ad-Hoc|x86.Deploy.0 = Release|x86
		{FCDD3585-FB0E-401A-8FE5-0E4B29D8A59E}.AppStore|Any CPU.ActiveCfg = Release|x86
		{FCDD3585-FB0E-401A-8FE5-0E4B29D8A59E}.AppStore|Any CPU.Build.0 = Release|x86
		{FCDD3585-FB0E-401A-8FE5-0E4B29D8A59E}.AppStore|Any CPU.Deploy.0 = Release|x86
		{FCDD3585-FB0E-401A-8FE5-0E4B29D8A59E}.AppStore|ARM.ActiveCfg = Release|ARM
		{FCDD3585-FB0E-401A-8FE5-0E4B29D8A59E}.AppStore|ARM.Build.0 = Release|ARM
		{FCDD3585-FB0E-401A-8FE5-0E4B29D8A59E}.AppStore|ARM.Deploy.0 = Release|ARM
		{FCDD3585-FB0E-401A-8FE5-0E4B29D8A59E}.AppStore|iPhone.ActiveCfg = Release|x86
		{FCDD3585-FB0E-401A-8FE5-0E4B29D8A59E}.AppStore|iPhone.Build.0 = Release|x86
		{FCDD3585-FB0E-401A-8FE5-0E4B29D8A59E}.AppStore|iPhone.Deploy.0 = Release|x86
		{FCDD3585-FB0E-401A-8FE5-0E4B29D8A59E}.AppStore|iPhoneSimulator.ActiveCfg = Release|x86
		{FCDD3585-FB0E-401A-8FE5-0E4B29D8A59E}.AppStore|iPhoneSimulator.Build.0 = Release|x86
		{FCDD3585-FB0E-401A-8FE5-0E4B29D8A59E}.AppStore|iPhoneSimulator.Deploy.0 = Release|x86
		{FCDD3585-FB0E-401A-8FE5-0E4B29D8A59E}.AppStore|x64.ActiveCfg = Release|x64
		{FCDD3585-FB0E-401A-8FE5-0E4B29D8A59E}.AppStore|x64.Build.0 = Release|x64
		{FCDD3585-FB0E-401A-8FE5-0E4B29D8A59E}.AppStore|x64.Deploy.0 = Release|x64
		{FCDD3585-FB0E-401A-8FE5-0E4B29D8A59E}.AppStore|x86.ActiveCfg = Release|x86
		{FCDD3585-FB0E-401A-8FE5-0E4B29D8A59E}.AppStore|x86.Build.0 = Release|x86
		{FCDD3585-FB0E-401A-8FE5-0E4B29D8A59E}.AppStore|x86.Deploy.0 = Release|x86
		{FCDD3585-FB0E-401A-8FE5-0E4B29D8A59E}.Debug|Any CPU.ActiveCfg = Debug|x86
		{FCDD3585-FB0E-401A-8FE5-0E4B29D8A59E}.Debug|ARM.ActiveCfg = Debug|ARM
		{FCDD3585-FB0E-401A-8FE5-0E4B29D8A59E}.Debug|ARM.Build.0 = Debug|ARM
		{FCDD3585-FB0E-401A-8FE5-0E4B29D8A59E}.Debug|ARM.Deploy.0 = Debug|ARM
		{FCDD3585-FB0E-401A-8FE5-0E4B29D8A59E}.Debug|iPhone.ActiveCfg = Debug|x86
		{FCDD3585-FB0E-401A-8FE5-0E4B29D8A59E}.Debug|iPhoneSimulator.ActiveCfg = Debug|x86
		{FCDD3585-FB0E-401A-8FE5-0E4B29D8A59E}.Debug|x64.ActiveCfg = Debug|x64
		{FCDD3585-FB0E-401A-8FE5-0E4B29D8A59E}.Debug|x64.Build.0 = Debug|x64
		{FCDD3585-FB0E-401A-8FE5-0E4B29D8A59E}.Debug|x64.Deploy.0 = Debug|x64
		{FCDD3585-FB0E-401A-8FE5-0E4B29D8A59E}.Debug|x86.ActiveCfg = Debug|x86
		{FCDD3585-FB0E-401A-8FE5-0E4B29D8A59E}.Debug|x86.Build.0 = Debug|x86
		{FCDD3585-FB0E-401A-8FE5-0E4B29D8A59E}.Debug|x86.Deploy.0 = Debug|x86
		{FCDD3585-FB0E-401A-8FE5-0E4B29D8A59E}.Release|Any CPU.ActiveCfg = Release|x86
		{FCDD3585-FB0E-401A-8FE5-0E4B29D8A59E}.Release|ARM.ActiveCfg = Release|ARM
		{FCDD3585-FB0E-401A-8FE5-0E4B29D8A59E}.Release|ARM.Build.0 = Release|ARM
		{FCDD3585-FB0E-401A-8FE5-0E4B29D8A59E}.Release|ARM.Deploy.0 = Release|ARM
		{FCDD3585-FB0E-401A-8FE5-0E4B29D8A59E}.Release|iPhone.ActiveCfg = Release|x86
		{FCDD3585-FB0E-401A-8FE5-0E4B29D8A59E}.Release|iPhoneSimulator.ActiveCfg = Release|x86
		{FCDD3585-FB0E-401A-8FE5-0E4B29D8A59E}.Release|x64.ActiveCfg = Release|x64
		{FCDD3585-FB0E-401A-8FE5-0E4B29D8A59E}.Release|x64.Build.0 = Release|x64
		{FCDD3585-FB0E-401A-8FE5-0E4B29D8A59E}.Release|x64.Deploy.0 = Release|x64
		{FCDD3585-FB0E-401A-8FE5-0E4B29D8A59E}.Release|x86.ActiveCfg = Release|x86
		{FCDD3585-FB0E-401A-8FE5-0E4B29D8A59E}.Release|x86.Build.0 = Release|x86
		{FCDD3585-FB0E-401A-8FE5-0E4B29D8A59E}.Release|x86.Deploy.0 = Release|x86
		{96F76810-8BB9-4143-939F-1F70C9FE84A5}.Ad-Hoc|Any CPU.ActiveCfg = Ad-Hoc|iPhone
		{96F76810-8BB9-4143-939F-1F70C9FE84A5}.Ad-Hoc|ARM.ActiveCfg = Ad-Hoc|iPhone
		{96F76810-8BB9-4143-939F-1F70C9FE84A5}.Ad-Hoc|iPhone.ActiveCfg = Ad-Hoc|iPhone
		{96F76810-8BB9-4143-939F-1F70C9FE84A5}.Ad-Hoc|iPhone.Build.0 = Ad-Hoc|iPhone
		{96F76810-8BB9-4143-939F-1F70C9FE84A5}.Ad-Hoc|iPhoneSimulator.ActiveCfg = Ad-Hoc|iPhoneSimulator
		{96F76810-8BB9-4143-939F-1F70C9FE84A5}.Ad-Hoc|iPhoneSimulator.Build.0 = Ad-Hoc|iPhoneSimulator
		{96F76810-8BB9-4143-939F-1F70C9FE84A5}.Ad-Hoc|x64.ActiveCfg = Ad-Hoc|iPhone
		{96F76810-8BB9-4143-939F-1F70C9FE84A5}.Ad-Hoc|x86.ActiveCfg = Ad-Hoc|iPhone
		{96F76810-8BB9-4143-939F-1F70C9FE84A5}.AppStore|Any CPU.ActiveCfg = AppStore|iPhone
		{96F76810-8BB9-4143-939F-1F70C9FE84A5}.AppStore|ARM.ActiveCfg = AppStore|iPhone
		{96F76810-8BB9-4143-939F-1F70C9FE84A5}.AppStore|iPhone.ActiveCfg = AppStore|iPhone
		{96F76810-8BB9-4143-939F-1F70C9FE84A5}.AppStore|iPhone.Build.0 = AppStore|iPhone
		{96F76810-8BB9-4143-939F-1F70C9FE84A5}.AppStore|iPhoneSimulator.ActiveCfg = AppStore|iPhoneSimulator
		{96F76810-8BB9-4143-939F-1F70C9FE84A5}.AppStore|iPhoneSimulator.Build.0 = AppStore|iPhoneSimulator
		{96F76810-8BB9-4143-939F-1F70C9FE84A5}.AppStore|x64.ActiveCfg = AppStore|iPhone
		{96F76810-8BB9-4143-939F-1F70C9FE84A5}.AppStore|x86.ActiveCfg = AppStore|iPhone
		{96F76810-8BB9-4143-939F-1F70C9FE84A5}.Debug|Any CPU.ActiveCfg = Debug|iPhone
		{96F76810-8BB9-4143-939F-1F70C9FE84A5}.Debug|ARM.ActiveCfg = Debug|iPhone
		{96F76810-8BB9-4143-939F-1F70C9FE84A5}.Debug|iPhone.ActiveCfg = Debug|iPhone
		{96F76810-8BB9-4143-939F-1F70C9FE84A5}.Debug|iPhone.Build.0 = Debug|iPhone
		{96F76810-8BB9-4143-939F-1F70C9FE84A5}.Debug|iPhoneSimulator.ActiveCfg = Debug|iPhoneSimulator
		{96F76810-8BB9-4143-939F-1F70C9FE84A5}.Debug|iPhoneSimulator.Build.0 = Debug|iPhoneSimulator
		{96F76810-8BB9-4143-939F-1F70C9FE84A5}.Debug|x64.ActiveCfg = Debug|iPhone
		{96F76810-8BB9-4143-939F-1F70C9FE84A5}.Debug|x86.ActiveCfg = Debug|iPhone
		{96F76810-8BB9-4143-939F-1F70C9FE84A5}.Release|Any CPU.ActiveCfg = Release|iPhone
		{96F76810-8BB9-4143-939F-1F70C9FE84A5}.Release|ARM.ActiveCfg = Release|iPhone
		{96F76810-8BB9-4143-939F-1F70C9FE84A5}.Release|iPhone.ActiveCfg = Release|iPhone
		{96F76810-8BB9-4143-939F-1F70C9FE84A5}.Release|iPhone.Build.0 = Release|iPhone
		{96F76810-8BB9-4143-939F-1F70C9FE84A5}.Release|iPhoneSimulator.ActiveCfg = Release|iPhoneSimulator
		{96F76810-8BB9-4143-939F-1F70C9FE84A5}.Release|iPhoneSimulator.Build.0 = Release|iPhoneSimulator
		{96F76810-8BB9-4143-939F-1F70C9FE84A5}.Release|x64.ActiveCfg = Release|iPhone
		{96F76810-8BB9-4143-939F-1F70C9FE84A5}.Release|x86.ActiveCfg = Release|iPhone
	EndGlobalSection
	GlobalSection(SolutionProperties) = preSolution
		HideSolutionNode = FALSE
	EndGlobalSection
EndGlobal
